{
    "_readme": [
        "This file locks the dependencies of your project to a known state",
        "Read more about it at https://getcomposer.org/doc/01-basic-usage.md#composer-lock-the-lock-file",
        "This file is @generated automatically"
    ],
    "content-hash": "fc38247ff72fe56aa57d7f3f1e0ee7c1",
    "packages": [
        {
            "name": "caouecs/laravel-lang",
            "version": "3.0.39",
            "source": {
                "type": "git",
                "url": "https://github.com/caouecs/Laravel-lang.git",
                "reference": "5823b5299e372791a4b63c9276fb60fd5aa02869"
            },
            "dist": {
                "type": "zip",
                "url": "https://files.phpcomposer.com/files/caouecs/Laravel-lang/5823b5299e372791a4b63c9276fb60fd5aa02869.zip",
                "reference": "5823b5299e372791a4b63c9276fb60fd5aa02869",
                "shasum": ""
            },
            "require-dev": {
                "friendsofphp/php-cs-fixer": "^1.10"
            },
            "suggest": {
                "ablunier/laravel-lang-installer": "Command for easily add languages to a Laravel project",
                "arcanedev/laravel-lang": "Translations manager and checker for Laravel 5",
                "overtrue/laravel-lang": "Command to add languages in your project"
            },
            "type": "library",
            "notification-url": "https://packagist.org/downloads/",
            "license": [
                "MIT"
            ],
            "authors": [
                {
                    "name": "caouecs",
                    "email": "caouecs@caouecs.net"
                }
            ],
            "description": "Languages for Laravel",
            "keywords": [
                "lang",
                "languages",
                "laravel",
                "lpm"
            ],
            "time": "2017-11-06T19:03:05+00:00"
        },
        {
            "name": "overtrue/laravel-lang",
            "version": "3.0.8",
            "source": {
                "type": "git",
                "url": "https://github.com/overtrue/laravel-lang.git",
                "reference": "c49d5f86c2ab2302c06e10d7ebd66a1ac73e0bab"
            },
            "dist": {
                "type": "zip",
                "url": "https://files.phpcomposer.com/files/overtrue/laravel-lang/c49d5f86c2ab2302c06e10d7ebd66a1ac73e0bab.zip",
                "reference": "c49d5f86c2ab2302c06e10d7ebd66a1ac73e0bab",
                "shasum": ""
            },
            "require": {
                "caouecs/laravel-lang": "~3.0"
            },
            "type": "library",
            "extra": {
                "laravel": {
                    "providers": [
                        "Overtrue\\LaravelLang\\TranslationServiceProvider"
                    ]
                }
            },
            "autoload": {
                "psr-4": {
                    "Overtrue\\LaravelLang\\": "src/"
                },
                "files": [
                    "src/helpers.php"
                ]
            },
            "notification-url": "https://packagist.org/downloads/",
            "license": [
                "MIT"
            ],
            "authors": [
                {
                    "name": "overtrue",
                    "email": "anzhengchao@gmail.com"
                }
            ],
            "description": "List of 52 languages for Laravel 5",
            "keywords": [
                "languages",
                "laravel",
                "overtrue"
            ],
            "time": "2017-10-28T12:10:43+00:00"
        }
    ],
    "packages-dev": [],
    "aliases": [],
    "minimum-stability": "stable",
    "stability-flags": [],
    "prefer-stable": false,
    "prefer-lowest": false,
    "platform": [],
    "platform-dev": []
}
